
Microsoft Visual Studio Solution File, Format Version 12.00
Project("{FAE04EC0-301F-11D3-BF4B-00C04F79EFBC}") = "ConsoleApp1", "ConsoleApp1\ConsoleApp1.csproj", "{56A5D8DD-F439-4758-899E-D8E204BD785E}"
EndProject
Project("{FAE04EC0-301F-11D3-BF4B-00C04F79EFBC}") = "ConsoleApp2", "ConsoleApp2\ConsoleApp2.csproj", "{D5CAF883-9AF1-4EA4-866B-4FA15A4B5562}"
EndProject
Global
	GlobalSection(SolutionConfigurationPlatforms) = preSolution
		Debug|Any CPU = Debug|Any CPU
		Release|Any CPU = Release|Any CPU
	EndGlobalSection
	GlobalSection(ProjectConfigurationPlatforms) = postSolution
		{56A5D8DD-F439-4758-899E-D8E204BD785E}.Debug|Any CPU.ActiveCfg = Debug|Any CPU
		{56A5D8DD-F439-4758-899E-D8E204BD785E}.Debug|Any CPU.Build.0 = Debug|Any CPU
		{56A5D8DD-F439-4758-899E-D8E204BD785E}.Release|Any CPU.ActiveCfg = Release|Any CPU
		{56A5D8DD-F439-4758-899E-D8E204BD785E}.Release|Any CPU.Build.0 = Release|Any CPU
		{D5CAF883-9AF1-4EA4-866B-4FA15A4B5562}.Debug|Any CPU.ActiveCfg = Debug|Any CPU
		{D5CAF883-9AF1-4EA4-866B-4FA15A4B5562}.Debug|Any CPU.Build.0 = Debug|Any CPU
		{D5CAF883-9AF1-4EA4-866B-4FA15A4B5562}.Release|Any CPU.ActiveCfg = Release|Any CPU
		{D5CAF883-9AF1-4EA4-866B-4FA15A4B5562}.Release|Any CPU.Build.0 = Release|Any CPU
	EndGlobalSection
EndGlobal
