
Microsoft Visual Studio Solution File, Format Version 12.00
Project("{FAE04EC0-301F-11D3-BF4B-00C04F79EFBC}") = "ConsoleApp2", "ConsoleApp2\ConsoleApp2.csproj", "{A93571EB-BDE3-423F-A652-BFA6F41650AE}"
EndProject
Project("{FAE04EC0-301F-11D3-BF4B-00C04F79EFBC}") = "Funny", "Funny\Funny.csproj", "{7031A6C7-4571-43D0-8BE1-972B326134B0}"
EndProject
Global
	GlobalSection(SolutionConfigurationPlatforms) = preSolution
		Debug|Any CPU = Debug|Any CPU
		Release|Any CPU = Release|Any CPU
	EndGlobalSection
	GlobalSection(ProjectConfigurationPlatforms) = postSolution
		{A93571EB-BDE3-423F-A652-BFA6F41650AE}.Debug|Any CPU.ActiveCfg = Debug|Any CPU
		{A93571EB-BDE3-423F-A652-BFA6F41650AE}.Debug|Any CPU.Build.0 = Debug|Any CPU
		{A93571EB-BDE3-423F-A652-BFA6F41650AE}.Release|Any CPU.ActiveCfg = Release|Any CPU
		{A93571EB-BDE3-423F-A652-BFA6F41650AE}.Release|Any CPU.Build.0 = Release|Any CPU
		{7031A6C7-4571-43D0-8BE1-972B326134B0}.Debug|Any CPU.ActiveCfg = Debug|Any CPU
		{7031A6C7-4571-43D0-8BE1-972B326134B0}.Debug|Any CPU.Build.0 = Debug|Any CPU
		{7031A6C7-4571-43D0-8BE1-972B326134B0}.Release|Any CPU.ActiveCfg = Release|Any CPU
		{7031A6C7-4571-43D0-8BE1-972B326134B0}.Release|Any CPU.Build.0 = Release|Any CPU
	EndGlobalSection
EndGlobal
