
Microsoft Visual Studio Solution File, Format Version 12.00
Project("{FAE04EC0-301F-11D3-BF4B-00C04F79EFBC}") = "WebApplication", "WebApplication\WebApplication.csproj", "{1BA8EDD1-8463-4441-AE71-E80B6371F30A}"
EndProject
Project("{FAE04EC0-301F-11D3-BF4B-00C04F79EFBC}") = "Client", "Client\Client.csproj", "{7A64986F-1E9B-44FC-B56A-0B1535A19567}"
EndProject
Global
	GlobalSection(SolutionConfigurationPlatforms) = preSolution
		Debug|Any CPU = Debug|Any CPU
		Release|Any CPU = Release|Any CPU
	EndGlobalSection
	GlobalSection(ProjectConfigurationPlatforms) = postSolution
		{1BA8EDD1-8463-4441-AE71-E80B6371F30A}.Debug|Any CPU.ActiveCfg = Debug|Any CPU
		{1BA8EDD1-8463-4441-AE71-E80B6371F30A}.Debug|Any CPU.Build.0 = Debug|Any CPU
		{1BA8EDD1-8463-4441-AE71-E80B6371F30A}.Release|Any CPU.ActiveCfg = Release|Any CPU
		{1BA8EDD1-8463-4441-AE71-E80B6371F30A}.Release|Any CPU.Build.0 = Release|Any CPU
		{7A64986F-1E9B-44FC-B56A-0B1535A19567}.Debug|Any CPU.ActiveCfg = Debug|Any CPU
		{7A64986F-1E9B-44FC-B56A-0B1535A19567}.Debug|Any CPU.Build.0 = Debug|Any CPU
		{7A64986F-1E9B-44FC-B56A-0B1535A19567}.Release|Any CPU.ActiveCfg = Release|Any CPU
		{7A64986F-1E9B-44FC-B56A-0B1535A19567}.Release|Any CPU.Build.0 = Release|Any CPU
	EndGlobalSection
EndGlobal
